
Microsoft Visual Studio Solution File, Format Version 12.00
# Visual Studio Version 16
VisualStudioVersion = 16.0.33801.447
MinimumVisualStudioVersion = 10.0.40219.1
Project("{8BC9CEB8-8B4A-11D0-8D11-00A0C91BC942}") = "CardJitsu", "CardJitsu.vcxproj", "{8B50EC11-3A28-406C-9BF5-FF15038EDD1A}"
EndProject
Global
	GlobalSection(SolutionConfigurationPlatforms) = preSolution
		Debug|x64 = Debug|x64
		Debug|x86 = Debug|x86
		Release|x64 = Release|x64
		Release|x86 = Release|x86
	EndGlobalSection
	GlobalSection(ProjectConfigurationPlatforms) = postSolution
		{8B50EC11-3A28-406C-9BF5-FF15038EDD1A}.Debug|x64.ActiveCfg = Debug|x64
		{8B50EC11-3A28-406C-9BF5-FF15038EDD1A}.Debug|x64.Build.0 = Debug|x64
		{8B50EC11-3A28-406C-9BF5-FF15038EDD1A}.Debug|x86.ActiveCfg = Debug|Win32
		{8B50EC11-3A28-406C-9BF5-FF15038EDD1A}.Debug|x86.Build.0 = Debug|Win32
		{8B50EC11-3A28-406C-9BF5-FF15038EDD1A}.Release|x64.ActiveCfg = Release|x64
		{8B50EC11-3A28-406C-9BF5-FF15038EDD1A}.Release|x64.Build.0 = Release|x64
		{8B50EC11-3A28-406C-9BF5-FF15038EDD1A}.Release|x86.ActiveCfg = Release|Win32
		{8B50EC11-3A28-406C-9BF5-FF15038EDD1A}.Release|x86.Build.0 = Release|Win32
	EndGlobalSection
	GlobalSection(SolutionProperties) = preSolution
		HideSolutionNode = FALSE
	EndGlobalSection
	GlobalSection(ExtensibilityGlobals) = postSolution
		SolutionGuid = {6C386848-F1A2-463F-9124-1065826A76E4}
	EndGlobalSection
EndGlobal
